
Microsoft Visual Studio Solution File, Format Version 12.00
Project("{FAE04EC0-301F-11D3-BF4B-00C04F79EFBC}") = "Data", "Data\Data.csproj", "{77641C26-CFB0-4368-9C5F-C0508DE4ABEB}"
EndProject
Project("{FAE04EC0-301F-11D3-BF4B-00C04F79EFBC}") = "Domain", "Domain\Domain.csproj", "{003148A3-0E66-47D4-A17E-D9DDB640F12A}"
EndProject
Project("{FAE04EC0-301F-11D3-BF4B-00C04F79EFBC}") = "Web", "Web\Web.csproj", "{960A92E7-62CB-4908-8D5B-E5482C53F84B}"
EndProject
Global
	GlobalSection(SolutionConfigurationPlatforms) = preSolution
		Debug|Any CPU = Debug|Any CPU
		Release|Any CPU = Release|Any CPU
	EndGlobalSection
	GlobalSection(ProjectConfigurationPlatforms) = postSolution
		{77641C26-CFB0-4368-9C5F-C0508DE4ABEB}.Debug|Any CPU.ActiveCfg = Debug|Any CPU
		{77641C26-CFB0-4368-9C5F-C0508DE4ABEB}.Debug|Any CPU.Build.0 = Debug|Any CPU
		{77641C26-CFB0-4368-9C5F-C0508DE4ABEB}.Release|Any CPU.ActiveCfg = Release|Any CPU
		{77641C26-CFB0-4368-9C5F-C0508DE4ABEB}.Release|Any CPU.Build.0 = Release|Any CPU
		{003148A3-0E66-47D4-A17E-D9DDB640F12A}.Debug|Any CPU.ActiveCfg = Debug|Any CPU
		{003148A3-0E66-47D4-A17E-D9DDB640F12A}.Debug|Any CPU.Build.0 = Debug|Any CPU
		{003148A3-0E66-47D4-A17E-D9DDB640F12A}.Release|Any CPU.ActiveCfg = Release|Any CPU
		{003148A3-0E66-47D4-A17E-D9DDB640F12A}.Release|Any CPU.Build.0 = Release|Any CPU
		{960A92E7-62CB-4908-8D5B-E5482C53F84B}.Debug|Any CPU.ActiveCfg = Debug|Any CPU
		{960A92E7-62CB-4908-8D5B-E5482C53F84B}.Debug|Any CPU.Build.0 = Debug|Any CPU
		{960A92E7-62CB-4908-8D5B-E5482C53F84B}.Release|Any CPU.ActiveCfg = Release|Any CPU
		{960A92E7-62CB-4908-8D5B-E5482C53F84B}.Release|Any CPU.Build.0 = Release|Any CPU
	EndGlobalSection
EndGlobal
